// !$*UTF8*$!
{
	archiveVersion = 1;
	classes = {
	};
	objectVersion = 50;
	objects = {

/* Begin PBXBuildFile section */
		6600BBE9240497D7009C5D2F /* UserDetailView.swift in Sources */ = {isa = PBXBuildFile; fileRef = 6600BBE8240497D7009C5D2F /* UserDetailView.swift */; };
		6600BBEB24049B90009C5D2F /* InspectionView.swift in Sources */ = {isa = PBXBuildFile; fileRef = 6600BBEA24049B90009C5D2F /* InspectionView.swift */; };
		6600BBED24049BE9009C5D2F /* SearchView.swift in Sources */ = {isa = PBXBuildFile; fileRef = 6600BBEC24049BE9009C5D2F /* SearchView.swift */; };
		6600BBEF24049D9A009C5D2F /* CheckItemView.swift in Sources */ = {isa = PBXBuildFile; fileRef = 6600BBEE24049D9A009C5D2F /* CheckItemView.swift */; };
		6625A9A6240851AE0050E328 /* PRN-CASUB02.cer in Resources */ = {isa = PBXBuildFile; fileRef = 6625A9A5240851AD0050E328 /* PRN-CASUB02.cer */; };
		6625A9A8241FF62A0050E328 /* EhsInspection.swift in Sources */ = {isa = PBXBuildFile; fileRef = 6625A9A7241FF62A0050E328 /* EhsInspection.swift */; };
		6625A9AA24200D940050E328 /* AddInspectionView.swift in Sources */ = {isa = PBXBuildFile; fileRef = 6625A9A924200D940050E328 /* AddInspectionView.swift */; };
		6625A9AE242936E60050E328 /* SessionDelegate.swift in Sources */ = {isa = PBXBuildFile; fileRef = 6625A9AD242936E60050E328 /* SessionDelegate.swift */; };
		6625A9B02429DAB10050E328 /* Default-568h@2x.png in Resources */ = {isa = PBXBuildFile; fileRef = 6625A9AF2429DAB10050E328 /* Default-568h@2x.png */; };
		6625A9B2242AC5610050E328 /* FBUser2.swift in Sources */ = {isa = PBXBuildFile; fileRef = 6625A9B1242AC5610050E328 /* FBUser2.swift */; };
		6628A05523FF3D1D00886972 /* AppDelegate.swift in Sources */ = {isa = PBXBuildFile; fileRef = 6628A05423FF3D1D00886972 /* AppDelegate.swift */; };
		6628A05723FF3D1D00886972 /* SceneDelegate.swift in Sources */ = {isa = PBXBuildFile; fileRef = 6628A05623FF3D1D00886972 /* SceneDelegate.swift */; };
		6628A05A23FF3D1D00886972 /* EHS_TabbedUI.xcdatamodeld in Sources */ = {isa = PBXBuildFile; fileRef = 6628A05823FF3D1D00886972 /* EHS_TabbedUI.xcdatamodeld */; };
		6628A05C23FF3D1D00886972 /* ContentView.swift in Sources */ = {isa = PBXBuildFile; fileRef = 6628A05B23FF3D1D00886972 /* ContentView.swift */; };
		6628A05E23FF3D2000886972 /* Assets.xcassets in Resources */ = {isa = PBXBuildFile; fileRef = 6628A05D23FF3D2000886972 /* Assets.xcassets */; };
		6628A06123FF3D2000886972 /* Preview Assets.xcassets in Resources */ = {isa = PBXBuildFile; fileRef = 6628A06023FF3D2000886972 /* Preview Assets.xcassets */; };
		6628A06423FF3D2000886972 /* LaunchScreen.storyboard in Resources */ = {isa = PBXBuildFile; fileRef = 6628A06223FF3D2000886972 /* LaunchScreen.storyboard */; };
		6628A06F23FF3D2000886972 /* EHS_TabbedUITests.swift in Sources */ = {isa = PBXBuildFile; fileRef = 6628A06E23FF3D2000886972 /* EHS_TabbedUITests.swift */; };
		6628A07A23FF3D2000886972 /* EHS_TabbedUIUITests.swift in Sources */ = {isa = PBXBuildFile; fileRef = 6628A07923FF3D2000886972 /* EHS_TabbedUIUITests.swift */; };
		6628A0882404529B00886972 /* FBUser.swift in Sources */ = {isa = PBXBuildFile; fileRef = 6628A0872404529B00886972 /* FBUser.swift */; };
		6628A08B240452B100886972 /* EHSTeamView.swift in Sources */ = {isa = PBXBuildFile; fileRef = 6628A089240452B100886972 /* EHSTeamView.swift */; };
		6638F2B02445172800A30D75 /* EHSUserView.swift in Sources */ = {isa = PBXBuildFile; fileRef = 6638F2AF2445172800A30D75 /* EHSUserView.swift */; };
		667829DD240D9BAE00A37B49 /* Info.plist in Resources */ = {isa = PBXBuildFile; fileRef = 6628A06523FF3D2000886972 /* Info.plist */; };
		667D2ED924899AD900E792BE /* InspectType.swift in Sources */ = {isa = PBXBuildFile; fileRef = 667D2ED824899AD900E792BE /* InspectType.swift */; };
		667D2EDB24899BA200E792BE /* inspectionData.swift in Sources */ = {isa = PBXBuildFile; fileRef = 667D2EDA24899BA200E792BE /* inspectionData.swift */; };
		667D2EDF2489AA1F00E792BE /* InspCheckAnswer.swift in Sources */ = {isa = PBXBuildFile; fileRef = 667D2EDE2489AA1F00E792BE /* InspCheckAnswer.swift */; };
		667D2EE32489ADC300E792BE /* CheckAnswer.swift in Sources */ = {isa = PBXBuildFile; fileRef = 667D2EE22489ADC300E792BE /* CheckAnswer.swift */; };
		66BA8FC724BFC80D00DAE67A /* UserLevel.swift in Sources */ = {isa = PBXBuildFile; fileRef = 66BA8FC624BFC80D00DAE67A /* UserLevel.swift */; };
		66BA8FC924C27EF800DAE67A /* InspCheckItem.swift in Sources */ = {isa = PBXBuildFile; fileRef = 66BA8FC824C27EF800DAE67A /* InspCheckItem.swift */; };
		66BA8FCB24CA0DB700DAE67A /* CheckItem.swift in Sources */ = {isa = PBXBuildFile; fileRef = 66BA8FCA24CA0DB700DAE67A /* CheckItem.swift */; };
		66C66EF72457844C007192AB /* FBUserDetail.swift in Sources */ = {isa = PBXBuildFile; fileRef = 66C66EF62457844C007192AB /* FBUserDetail.swift */; };
		66E48DFA248AAF2C00FF21B1 /* InspectDetailView.swift in Sources */ = {isa = PBXBuildFile; fileRef = 66E48DF9248AAF2C00FF21B1 /* InspectDetailView.swift */; };
		66E48DFD249174CF00FF21B1 /* TestUIView.swift in Sources */ = {isa = PBXBuildFile; fileRef = 66E48DFC249174CF00FF21B1 /* TestUIView.swift */; };
		66E48E012491786A00FF21B1 /* PrivDropdown.swift in Sources */ = {isa = PBXBuildFile; fileRef = 66E48E002491786A00FF21B1 /* PrivDropdown.swift */; };
		66E48E062491874A00FF21B1 /* ChecklistItem.swift in Sources */ = {isa = PBXBuildFile; fileRef = 66E48E052491874A00FF21B1 /* ChecklistItem.swift */; };
		66E48E082491876700FF21B1 /* DropdownMenu.swift in Sources */ = {isa = PBXBuildFile; fileRef = 66E48E072491876700FF21B1 /* DropdownMenu.swift */; };
		66E48E0A2491B76700FF21B1 /* RadioButtonField.swift in Sources */ = {isa = PBXBuildFile; fileRef = 66E48E092491B76700FF21B1 /* RadioButtonField.swift */; };
		66E48E0C2491B86400FF21B1 /* RadioButtonGroup.swift in Sources */ = {isa = PBXBuildFile; fileRef = 66E48E0B2491B86400FF21B1 /* RadioButtonGroup.swift */; };
		66E48E0E2491C8C700FF21B1 /* RadioButtonGroups.swift in Sources */ = {isa = PBXBuildFile; fileRef = 66E48E0D2491C8C700FF21B1 /* RadioButtonGroups.swift */; };
		66E48E182493579500FF21B1 /* RadioButton.swift in Sources */ = {isa = PBXBuildFile; fileRef = 66E48E172493579500FF21B1 /* RadioButton.swift */; };
		66FCC35F24AE52470052BBBF /* PDFCreator.swift in Sources */ = {isa = PBXBuildFile; fileRef = 66FCC35E24AE52470052BBBF /* PDFCreator.swift */; };
		66FCC36424AE54FD0052BBBF /* PDFPreviewViewController.swift in Sources */ = {isa = PBXBuildFile; fileRef = 66FCC36324AE54FD0052BBBF /* PDFPreviewViewController.swift */; };
		66FCC36624AE58C30052BBBF /* FlyerBuilderViewController.swift in Sources */ = {isa = PBXBuildFile; fileRef = 66FCC36524AE58C30052BBBF /* FlyerBuilderViewController.swift */; };
		66FCC36924B8FB4F0052BBBF /* PDFUIView.swift in Sources */ = {isa = PBXBuildFile; fileRef = 66FCC36824B8FB4F0052BBBF /* PDFUIView.swift */; };
/* End PBXBuildFile section */

/* Begin PBXContainerItemProxy section */
		6628A06B23FF3D2000886972 /* PBXContainerItemProxy */ = {
			isa = PBXContainerItemProxy;
			containerPortal = 6628A04923FF3D1D00886972 /* Project object */;
			proxyType = 1;
			remoteGlobalIDString = 6628A05023FF3D1D00886972;
			remoteInfo = EHS_TabbedUI;
		};
		6628A07623FF3D2000886972 /* PBXContainerItemProxy */ = {
			isa = PBXContainerItemProxy;
			containerPortal = 6628A04923FF3D1D00886972 /* Project object */;
			proxyType = 1;
			remoteGlobalIDString = 6628A05023FF3D1D00886972;
			remoteInfo = EHS_TabbedUI;
		};
/* End PBXContainerItemProxy section */

/* Begin PBXFileReference section */
		6600BBE8240497D7009C5D2F /* UserDetailView.swift */ = {isa = PBXFileReference; lastKnownFileType = sourcecode.swift; path = UserDetailView.swift; sourceTree = "<group>"; };
		6600BBEA24049B90009C5D2F /* InspectionView.swift */ = {isa = PBXFileReference; lastKnownFileType = sourcecode.swift; path = InspectionView.swift; sourceTree = "<group>"; };
		6600BBEC24049BE9009C5D2F /* SearchView.swift */ = {isa = PBXFileReference; lastKnownFileType = sourcecode.swift; path = SearchView.swift; sourceTree = "<group>"; };
		6600BBEE24049D9A009C5D2F /* CheckItemView.swift */ = {isa = PBXFileReference; lastKnownFileType = sourcecode.swift; path = CheckItemView.swift; sourceTree = "<group>"; };
		6625A9A5240851AD0050E328 /* PRN-CASUB02.cer */ = {isa = PBXFileReference; lastKnownFileType = file; path = "PRN-CASUB02.cer"; sourceTree = "<group>"; };
		6625A9A7241FF62A0050E328 /* EhsInspection.swift */ = {isa = PBXFileReference; lastKnownFileType = sourcecode.swift; path = EhsInspection.swift; sourceTree = "<group>"; };
		6625A9A924200D940050E328 /* AddInspectionView.swift */ = {isa = PBXFileReference; lastKnownFileType = sourcecode.swift; path = AddInspectionView.swift; sourceTree = "<group>"; };
		6625A9AD242936E60050E328 /* SessionDelegate.swift */ = {isa = PBXFileReference; lastKnownFileType = sourcecode.swift; path = SessionDelegate.swift; sourceTree = "<group>"; };
		6625A9AF2429DAB10050E328 /* Default-568h@2x.png */ = {isa = PBXFileReference; lastKnownFileType = image.png; path = "Default-568h@2x.png"; sourceTree = "<group>"; };
		6625A9B1242AC5610050E328 /* FBUser2.swift */ = {isa = PBXFileReference; lastKnownFileType = sourcecode.swift; path = FBUser2.swift; sourceTree = "<group>"; };
		6628A05123FF3D1D00886972 /* EHS_TabbedUI.app */ = {isa = PBXFileReference; explicitFileType = wrapper.application; includeInIndex = 0; path = EHS_TabbedUI.app; sourceTree = BUILT_PRODUCTS_DIR; };
		6628A05423FF3D1D00886972 /* AppDelegate.swift */ = {isa = PBXFileReference; lastKnownFileType = sourcecode.swift; path = AppDelegate.swift; sourceTree = "<group>"; };
		6628A05623FF3D1D00886972 /* SceneDelegate.swift */ = {isa = PBXFileReference; lastKnownFileType = sourcecode.swift; path = SceneDelegate.swift; sourceTree = "<group>"; };
		6628A05923FF3D1D00886972 /* EHS_TabbedUI.xcdatamodel */ = {isa = PBXFileReference; lastKnownFileType = wrapper.xcdatamodel; path = EHS_TabbedUI.xcdatamodel; sourceTree = "<group>"; };
		6628A05B23FF3D1D00886972 /* ContentView.swift */ = {isa = PBXFileReference; lastKnownFileType = sourcecode.swift; path = ContentView.swift; sourceTree = "<group>"; };
		6628A05D23FF3D2000886972 /* Assets.xcassets */ = {isa = PBXFileReference; lastKnownFileType = folder.assetcatalog; path = Assets.xcassets; sourceTree = "<group>"; };
		6628A06023FF3D2000886972 /* Preview Assets.xcassets */ = {isa = PBXFileReference; lastKnownFileType = folder.assetcatalog; path = "Preview Assets.xcassets"; sourceTree = "<group>"; };
		6628A06323FF3D2000886972 /* Base */ = {isa = PBXFileReference; lastKnownFileType = file.storyboard; name = Base; path = Base.lproj/LaunchScreen.storyboard; sourceTree = "<group>"; };
		6628A06523FF3D2000886972 /* Info.plist */ = {isa = PBXFileReference; lastKnownFileType = text.plist.xml; path = Info.plist; sourceTree = "<group>"; };
		6628A06A23FF3D2000886972 /* EHS_TabbedUITests.xctest */ = {isa = PBXFileReference; explicitFileType = wrapper.cfbundle; includeInIndex = 0; path = EHS_TabbedUITests.xctest; sourceTree = BUILT_PRODUCTS_DIR; };
		6628A06E23FF3D2000886972 /* EHS_TabbedUITests.swift */ = {isa = PBXFileReference; lastKnownFileType = sourcecode.swift; path = EHS_TabbedUITests.swift; sourceTree = "<group>"; };
		6628A07023FF3D2000886972 /* Info.plist */ = {isa = PBXFileReference; lastKnownFileType = text.plist.xml; path = Info.plist; sourceTree = "<group>"; };
		6628A07523FF3D2000886972 /* EHS_TabbedUIUITests.xctest */ = {isa = PBXFileReference; explicitFileType = wrapper.cfbundle; includeInIndex = 0; path = EHS_TabbedUIUITests.xctest; sourceTree = BUILT_PRODUCTS_DIR; };
		6628A07923FF3D2000886972 /* EHS_TabbedUIUITests.swift */ = {isa = PBXFileReference; lastKnownFileType = sourcecode.swift; path = EHS_TabbedUIUITests.swift; sourceTree = "<group>"; };
		6628A07B23FF3D2000886972 /* Info.plist */ = {isa = PBXFileReference; lastKnownFileType = text.plist.xml; path = Info.plist; sourceTree = "<group>"; };
		6628A0872404529B00886972 /* FBUser.swift */ = {isa = PBXFileReference; fileEncoding = 4; lastKnownFileType = sourcecode.swift; path = FBUser.swift; sourceTree = "<group>"; };
		6628A089240452B100886972 /* EHSTeamView.swift */ = {isa = PBXFileReference; fileEncoding = 4; lastKnownFileType = sourcecode.swift; path = EHSTeamView.swift; sourceTree = "<group>"; };
		6638F2AF2445172800A30D75 /* EHSUserView.swift */ = {isa = PBXFileReference; lastKnownFileType = sourcecode.swift; path = EHSUserView.swift; sourceTree = "<group>"; };
		667D2ED824899AD900E792BE /* InspectType.swift */ = {isa = PBXFileReference; lastKnownFileType = sourcecode.swift; path = InspectType.swift; sourceTree = "<group>"; };
		667D2EDA24899BA200E792BE /* inspectionData.swift */ = {isa = PBXFileReference; lastKnownFileType = sourcecode.swift; path = inspectionData.swift; sourceTree = "<group>"; };
		667D2EDE2489AA1F00E792BE /* InspCheckAnswer.swift */ = {isa = PBXFileReference; lastKnownFileType = sourcecode.swift; path = InspCheckAnswer.swift; sourceTree = "<group>"; };
		667D2EE22489ADC300E792BE /* CheckAnswer.swift */ = {isa = PBXFileReference; lastKnownFileType = sourcecode.swift; path = CheckAnswer.swift; sourceTree = "<group>"; };
		66BA8FC624BFC80D00DAE67A /* UserLevel.swift */ = {isa = PBXFileReference; lastKnownFileType = sourcecode.swift; path = UserLevel.swift; sourceTree = "<group>"; };
		66BA8FC824C27EF800DAE67A /* InspCheckItem.swift */ = {isa = PBXFileReference; lastKnownFileType = sourcecode.swift; path = InspCheckItem.swift; sourceTree = "<group>"; };
		66BA8FCA24CA0DB700DAE67A /* CheckItem.swift */ = {isa = PBXFileReference; lastKnownFileType = sourcecode.swift; path = CheckItem.swift; sourceTree = "<group>"; };
		66C66EF62457844C007192AB /* FBUserDetail.swift */ = {isa = PBXFileReference; lastKnownFileType = sourcecode.swift; path = FBUserDetail.swift; sourceTree = "<group>"; };
		66E48DF9248AAF2C00FF21B1 /* InspectDetailView.swift */ = {isa = PBXFileReference; lastKnownFileType = sourcecode.swift; path = InspectDetailView.swift; sourceTree = "<group>"; };
		66E48DFC249174CF00FF21B1 /* TestUIView.swift */ = {isa = PBXFileReference; lastKnownFileType = sourcecode.swift; path = TestUIView.swift; sourceTree = "<group>"; };
		66E48E002491786A00FF21B1 /* PrivDropdown.swift */ = {isa = PBXFileReference; lastKnownFileType = sourcecode.swift; path = PrivDropdown.swift; sourceTree = "<group>"; };
		66E48E052491874A00FF21B1 /* ChecklistItem.swift */ = {isa = PBXFileReference; lastKnownFileType = sourcecode.swift; path = ChecklistItem.swift; sourceTree = "<group>"; };
		66E48E072491876700FF21B1 /* DropdownMenu.swift */ = {isa = PBXFileReference; lastKnownFileType = sourcecode.swift; path = DropdownMenu.swift; sourceTree = "<group>"; };
		66E48E092491B76700FF21B1 /* RadioButtonField.swift */ = {isa = PBXFileReference; lastKnownFileType = sourcecode.swift; path = RadioButtonField.swift; sourceTree = "<group>"; };
		66E48E0B2491B86400FF21B1 /* RadioButtonGroup.swift */ = {isa = PBXFileReference; lastKnownFileType = sourcecode.swift; path = RadioButtonGroup.swift; sourceTree = "<group>"; };
		66E48E0D2491C8C700FF21B1 /* RadioButtonGroups.swift */ = {isa = PBXFileReference; lastKnownFileType = sourcecode.swift; path = RadioButtonGroups.swift; sourceTree = "<group>"; };
		66E48E172493579500FF21B1 /* RadioButton.swift */ = {isa = PBXFileReference; lastKnownFileType = sourcecode.swift; path = RadioButton.swift; sourceTree = "<group>"; };
		66FCC35E24AE52470052BBBF /* PDFCreator.swift */ = {isa = PBXFileReference; lastKnownFileType = sourcecode.swift; path = PDFCreator.swift; sourceTree = "<group>"; };
		66FCC36324AE54FD0052BBBF /* PDFPreviewViewController.swift */ = {isa = PBXFileReference; lastKnownFileType = sourcecode.swift; path = PDFPreviewViewController.swift; sourceTree = "<group>"; };
		66FCC36524AE58C30052BBBF /* FlyerBuilderViewController.swift */ = {isa = PBXFileReference; lastKnownFileType = sourcecode.swift; path = FlyerBuilderViewController.swift; sourceTree = "<group>"; };
		66FCC36824B8FB4F0052BBBF /* PDFUIView.swift */ = {isa = PBXFileReference; lastKnownFileType = sourcecode.swift; path = PDFUIView.swift; sourceTree = "<group>"; };
/* End PBXFileReference section */

/* Begin PBXFrameworksBuildPhase section */
		6628A04E23FF3D1D00886972 /* Frameworks */ = {
			isa = PBXFrameworksBuildPhase;
			buildActionMask = 2147483647;
			files = (
			);
			runOnlyForDeploymentPostprocessing = 0;
		};
		6628A06723FF3D2000886972 /* Frameworks */ = {
			isa = PBXFrameworksBuildPhase;
			buildActionMask = 2147483647;
			files = (
			);
			runOnlyForDeploymentPostprocessing = 0;
		};
		6628A07223FF3D2000886972 /* Frameworks */ = {
			isa = PBXFrameworksBuildPhase;
			buildActionMask = 2147483647;
			files = (
			);
			runOnlyForDeploymentPostprocessing = 0;
		};
/* End PBXFrameworksBuildPhase section */

/* Begin PBXGroup section */
		6628A04823FF3D1D00886972 = {
			isa = PBXGroup;
			children = (
				6625A9AF2429DAB10050E328 /* Default-568h@2x.png */,
				6625A9A5240851AD0050E328 /* PRN-CASUB02.cer */,
				6628A05323FF3D1D00886972 /* EHS_TabbedUI */,
				6628A06D23FF3D2000886972 /* EHS_TabbedUITests */,
				6628A07823FF3D2000886972 /* EHS_TabbedUIUITests */,
				6628A05223FF3D1D00886972 /* Products */,
			);
			sourceTree = "<group>";
		};
		6628A05223FF3D1D00886972 /* Products */ = {
			isa = PBXGroup;
			children = (
				6628A05123FF3D1D00886972 /* EHS_TabbedUI.app */,
				6628A06A23FF3D2000886972 /* EHS_TabbedUITests.xctest */,
				6628A07523FF3D2000886972 /* EHS_TabbedUIUITests.xctest */,
			);
			name = Products;
			sourceTree = "<group>";
		};
		6628A05323FF3D1D00886972 /* EHS_TabbedUI */ = {
			isa = PBXGroup;
			children = (
				66FCC36724AE72600052BBBF /* Utilities */,
				66FCC36024AE533E0052BBBF /* PDF */,
				66FCC35B24AE50170052BBBF /* DataObjects */,
				66FCC36224AE54670052BBBF /* ViewControllers */,
				66FCC35A24AE4FC00052BBBF /* Views */,
				66E48E042491865200FF21B1 /* UIComponents */,
				6628A05F23FF3D2000886972 /* Preview Content */,
				6628A05D23FF3D2000886972 /* Assets.xcassets */,
				6628A06223FF3D2000886972 /* LaunchScreen.storyboard */,
				6628A05423FF3D1D00886972 /* AppDelegate.swift */,
				667D2EE22489ADC300E792BE /* CheckAnswer.swift */,
				667D2ED824899AD900E792BE /* InspectType.swift */,
				6628A06523FF3D2000886972 /* Info.plist */,
				6628A05823FF3D1D00886972 /* EHS_TabbedUI.xcdatamodeld */,
			);
			path = EHS_TabbedUI;
			sourceTree = "<group>";
		};
		6628A05F23FF3D2000886972 /* Preview Content */ = {
			isa = PBXGroup;
			children = (
				6628A06023FF3D2000886972 /* Preview Assets.xcassets */,
			);
			path = "Preview Content";
			sourceTree = "<group>";
		};
		6628A06D23FF3D2000886972 /* EHS_TabbedUITests */ = {
			isa = PBXGroup;
			children = (
				6628A06E23FF3D2000886972 /* EHS_TabbedUITests.swift */,
				6628A07023FF3D2000886972 /* Info.plist */,
			);
			path = EHS_TabbedUITests;
			sourceTree = "<group>";
		};
		6628A07823FF3D2000886972 /* EHS_TabbedUIUITests */ = {
			isa = PBXGroup;
			children = (
				6628A07923FF3D2000886972 /* EHS_TabbedUIUITests.swift */,
				6628A07B23FF3D2000886972 /* Info.plist */,
			);
			path = EHS_TabbedUIUITests;
			sourceTree = "<group>";
		};
		66E48E042491865200FF21B1 /* UIComponents */ = {
			isa = PBXGroup;
			children = (
				66E48E092491B76700FF21B1 /* RadioButtonField.swift */,
				66E48E0B2491B86400FF21B1 /* RadioButtonGroup.swift */,
				66E48E0D2491C8C700FF21B1 /* RadioButtonGroups.swift */,
				66E48E072491876700FF21B1 /* DropdownMenu.swift */,
				66E48E002491786A00FF21B1 /* PrivDropdown.swift */,
				66E48E052491874A00FF21B1 /* ChecklistItem.swift */,
				66E48E172493579500FF21B1 /* RadioButton.swift */,
			);
			path = UIComponents;
			sourceTree = "<group>";
		};
		66FCC35A24AE4FC00052BBBF /* Views */ = {
			isa = PBXGroup;
			children = (
				6625A9A924200D940050E328 /* AddInspectionView.swift */,
				6600BBEC24049BE9009C5D2F /* SearchView.swift */,
				6628A089240452B100886972 /* EHSTeamView.swift */,
				6600BBEE24049D9A009C5D2F /* CheckItemView.swift */,
				6638F2AF2445172800A30D75 /* EHSUserView.swift */,
				6628A05B23FF3D1D00886972 /* ContentView.swift */,
				6600BBEA24049B90009C5D2F /* InspectionView.swift */,
				66E48DF9248AAF2C00FF21B1 /* InspectDetailView.swift */,
				6600BBE8240497D7009C5D2F /* UserDetailView.swift */,
				66E48DFC249174CF00FF21B1 /* TestUIView.swift */,
				66FCC36824B8FB4F0052BBBF /* PDFUIView.swift */,
			);
			path = Views;
			sourceTree = "<group>";
		};
		66FCC35B24AE50170052BBBF /* DataObjects */ = {
			isa = PBXGroup;
			children = (
				6625A9A7241FF62A0050E328 /* EhsInspection.swift */,
				667D2EDE2489AA1F00E792BE /* InspCheckAnswer.swift */,
				66BA8FC624BFC80D00DAE67A /* UserLevel.swift */,
				667D2EDA24899BA200E792BE /* inspectionData.swift */,
				6628A0872404529B00886972 /* FBUser.swift */,
				66C66EF62457844C007192AB /* FBUserDetail.swift */,
				6625A9B1242AC5610050E328 /* FBUser2.swift */,
				66BA8FC824C27EF800DAE67A /* InspCheckItem.swift */,
				66BA8FCA24CA0DB700DAE67A /* CheckItem.swift */,
			);
			path = DataObjects;
			sourceTree = "<group>";
		};
		66FCC36024AE533E0052BBBF /* PDF */ = {
			isa = PBXGroup;
			children = (
				66FCC35E24AE52470052BBBF /* PDFCreator.swift */,
			);
			path = PDF;
			sourceTree = "<group>";
		};
		66FCC36224AE54670052BBBF /* ViewControllers */ = {
			isa = PBXGroup;
			children = (
				66FCC36324AE54FD0052BBBF /* PDFPreviewViewController.swift */,
				66FCC36524AE58C30052BBBF /* FlyerBuilderViewController.swift */,
			);
			path = ViewControllers;
			sourceTree = "<group>";
		};
		66FCC36724AE72600052BBBF /* Utilities */ = {
			isa = PBXGroup;
			children = (
				6625A9AD242936E60050E328 /* SessionDelegate.swift */,
				6628A05623FF3D1D00886972 /* SceneDelegate.swift */,
			);
			path = Utilities;
			sourceTree = "<group>";
		};
/* End PBXGroup section */

/* Begin PBXNativeTarget section */
		6628A05023FF3D1D00886972 /* EHS_TabbedUI */ = {
			isa = PBXNativeTarget;
			buildConfigurationList = 6628A07E23FF3D2000886972 /* Build configuration list for PBXNativeTarget "EHS_TabbedUI" */;
			buildPhases = (
				6628A04D23FF3D1D00886972 /* Sources */,
				6628A04E23FF3D1D00886972 /* Frameworks */,
				6628A04F23FF3D1D00886972 /* Resources */,
			);
			buildRules = (
			);
			dependencies = (
			);
			name = EHS_TabbedUI;
			productName = EHS_TabbedUI;
			productReference = 6628A05123FF3D1D00886972 /* EHS_TabbedUI.app */;
			productType = "com.apple.product-type.application";
		};
		6628A06923FF3D2000886972 /* EHS_TabbedUITests */ = {
			isa = PBXNativeTarget;
			buildConfigurationList = 6628A08123FF3D2000886972 /* Build configuration list for PBXNativeTarget "EHS_TabbedUITests" */;
			buildPhases = (
				6628A06623FF3D2000886972 /* Sources */,
				6628A06723FF3D2000886972 /* Frameworks */,
				6628A06823FF3D2000886972 /* Resources */,
			);
			buildRules = (
			);
			dependencies = (
				6628A06C23FF3D2000886972 /* PBXTargetDependency */,
			);
			name = EHS_TabbedUITests;
			productName = EHS_TabbedUITests;
			productReference = 6628A06A23FF3D2000886972 /* EHS_TabbedUITests.xctest */;
			productType = "com.apple.product-type.bundle.unit-test";
		};
		6628A07423FF3D2000886972 /* EHS_TabbedUIUITests */ = {
			isa = PBXNativeTarget;
			buildConfigurationList = 6628A08423FF3D2000886972 /* Build configuration list for PBXNativeTarget "EHS_TabbedUIUITests" */;
			buildPhases = (
				6628A07123FF3D2000886972 /* Sources */,
				6628A07223FF3D2000886972 /* Frameworks */,
				6628A07323FF3D2000886972 /* Resources */,
			);
			buildRules = (
			);
			dependencies = (
				6628A07723FF3D2000886972 /* PBXTargetDependency */,
			);
			name = EHS_TabbedUIUITests;
			productName = EHS_TabbedUIUITests;
			productReference = 6628A07523FF3D2000886972 /* EHS_TabbedUIUITests.xctest */;
			productType = "com.apple.product-type.bundle.ui-testing";
		};
/* End PBXNativeTarget section */

/* Begin PBXProject section */
		6628A04923FF3D1D00886972 /* Project object */ = {
			isa = PBXProject;
			attributes = {
				LastSwiftUpdateCheck = 1120;
				LastUpgradeCheck = 1120;
				ORGANIZATIONNAME = "Ming Chen";
				TargetAttributes = {
					6628A05023FF3D1D00886972 = {
						CreatedOnToolsVersion = 11.2.1;
					};
					6628A06923FF3D2000886972 = {
						CreatedOnToolsVersion = 11.2.1;
						TestTargetID = 6628A05023FF3D1D00886972;
					};
					6628A07423FF3D2000886972 = {
						CreatedOnToolsVersion = 11.2.1;
						TestTargetID = 6628A05023FF3D1D00886972;
					};
				};
			};
			buildConfigurationList = 6628A04C23FF3D1D00886972 /* Build configuration list for PBXProject "EHS_TabbedUI" */;
			compatibilityVersion = "Xcode 9.3";
			developmentRegion = en;
			hasScannedForEncodings = 0;
			knownRegions = (
				en,
				Base,
			);
			mainGroup = 6628A04823FF3D1D00886972;
			productRefGroup = 6628A05223FF3D1D00886972 /* Products */;
			projectDirPath = "";
			projectRoot = "";
			targets = (
				6628A05023FF3D1D00886972 /* EHS_TabbedUI */,
				6628A06923FF3D2000886972 /* EHS_TabbedUITests */,
				6628A07423FF3D2000886972 /* EHS_TabbedUIUITests */,
			);
		};
/* End PBXProject section */

/* Begin PBXResourcesBuildPhase section */
		6628A04F23FF3D1D00886972 /* Resources */ = {
			isa = PBXResourcesBuildPhase;
			buildActionMask = 2147483647;
			files = (
				6625A9A6240851AE0050E328 /* PRN-CASUB02.cer in Resources */,
				6628A06423FF3D2000886972 /* LaunchScreen.storyboard in Resources */,
				6628A06123FF3D2000886972 /* Preview Assets.xcassets in Resources */,
				667829DD240D9BAE00A37B49 /* Info.plist in Resources */,
				6628A05E23FF3D2000886972 /* Assets.xcassets in Resources */,
				6625A9B02429DAB10050E328 /* Default-568h@2x.png in Resources */,
			);
			runOnlyForDeploymentPostprocessing = 0;
		};
		6628A06823FF3D2000886972 /* Resources */ = {
			isa = PBXResourcesBuildPhase;
			buildActionMask = 2147483647;
			files = (
			);
			runOnlyForDeploymentPostprocessing = 0;
		};
		6628A07323FF3D2000886972 /* Resources */ = {
			isa = PBXResourcesBuildPhase;
			buildActionMask = 2147483647;
			files = (
			);
			runOnlyForDeploymentPostprocessing = 0;
		};
/* End PBXResourcesBuildPhase section */

/* Begin PBXSourcesBuildPhase section */
		6628A04D23FF3D1D00886972 /* Sources */ = {
			isa = PBXSourcesBuildPhase;
			buildActionMask = 2147483647;
			files = (
				6628A05523FF3D1D00886972 /* AppDelegate.swift in Sources */,
				667D2EDF2489AA1F00E792BE /* InspCheckAnswer.swift in Sources */,
				6628A0882404529B00886972 /* FBUser.swift in Sources */,
				66E48E0A2491B76700FF21B1 /* RadioButtonField.swift in Sources */,
				66BA8FC724BFC80D00DAE67A /* UserLevel.swift in Sources */,
				6628A05723FF3D1D00886972 /* SceneDelegate.swift in Sources */,
				667D2EDB24899BA200E792BE /* inspectionData.swift in Sources */,
				6625A9A8241FF62A0050E328 /* EhsInspection.swift in Sources */,
				6628A05C23FF3D1D00886972 /* ContentView.swift in Sources */,
				66E48DFA248AAF2C00FF21B1 /* InspectDetailView.swift in Sources */,
				667D2EE32489ADC300E792BE /* CheckAnswer.swift in Sources */,
				66E48E082491876700FF21B1 /* DropdownMenu.swift in Sources */,
				6600BBE9240497D7009C5D2F /* UserDetailView.swift in Sources */,
				66E48DFD249174CF00FF21B1 /* TestUIView.swift in Sources */,
				667D2ED924899AD900E792BE /* InspectType.swift in Sources */,
				6625A9AA24200D940050E328 /* AddInspectionView.swift in Sources */,
				66C66EF72457844C007192AB /* FBUserDetail.swift in Sources */,
				6638F2B02445172800A30D75 /* EHSUserView.swift in Sources */,
				6600BBEF24049D9A009C5D2F /* CheckItemView.swift in Sources */,
				66BA8FCB24CA0DB700DAE67A /* CheckItem.swift in Sources */,
				6628A08B240452B100886972 /* EHSTeamView.swift in Sources */,
				66FCC35F24AE52470052BBBF /* PDFCreator.swift in Sources */,
				66FCC36624AE58C30052BBBF /* FlyerBuilderViewController.swift in Sources */,
				66E48E062491874A00FF21B1 /* ChecklistItem.swift in Sources */,
				66FCC36424AE54FD0052BBBF /* PDFPreviewViewController.swift in Sources */,
				6600BBEB24049B90009C5D2F /* InspectionView.swift in Sources */,
				66FCC36924B8FB4F0052BBBF /* PDFUIView.swift in Sources */,
				6628A05A23FF3D1D00886972 /* EHS_TabbedUI.xcdatamodeld in Sources */,
				6600BBED24049BE9009C5D2F /* SearchView.swift in Sources */,
				66BA8FC924C27EF800DAE67A /* InspCheckItem.swift in Sources */,
				6625A9AE242936E60050E328 /* SessionDelegate.swift in Sources */,
				6625A9B2242AC5610050E328 /* FBUser2.swift in Sources */,
				66E48E012491786A00FF21B1 /* PrivDropdown.swift in Sources */,
				66E48E182493579500FF21B1 /* RadioButton.swift in Sources */,
				66E48E0C2491B86400FF21B1 /* RadioButtonGroup.swift in Sources */,
				66E48E0E2491C8C700FF21B1 /* RadioButtonGroups.swift in Sources */,
			);
			runOnlyForDeploymentPostprocessing = 0;
		};
		6628A06623FF3D2000886972 /* Sources */ = {
			isa = PBXSourcesBuildPhase;
			buildActionMask = 2147483647;
			files = (
				6628A06F23FF3D2000886972 /* EHS_TabbedUITests.swift in Sources */,
			);
			runOnlyForDeploymentPostprocessing = 0;
		};
		6628A07123FF3D2000886972 /* Sources */ = {
			isa = PBXSourcesBuildPhase;
			buildActionMask = 2147483647;
			files = (
				6628A07A23FF3D2000886972 /* EHS_TabbedUIUITests.swift in Sources */,
			);
			runOnlyForDeploymentPostprocessing = 0;
		};
/* End PBXSourcesBuildPhase section */

/* Begin PBXTargetDependency section */
		6628A06C23FF3D2000886972 /* PBXTargetDependency */ = {
			isa = PBXTargetDependency;
			target = 6628A05023FF3D1D00886972 /* EHS_TabbedUI */;
			targetProxy = 6628A06B23FF3D2000886972 /* PBXContainerItemProxy */;
		};
		6628A07723FF3D2000886972 /* PBXTargetDependency */ = {
			isa = PBXTargetDependency;
			target = 6628A05023FF3D1D00886972 /* EHS_TabbedUI */;
			targetProxy = 6628A07623FF3D2000886972 /* PBXContainerItemProxy */;
		};
/* End PBXTargetDependency section */

/* Begin PBXVariantGroup section */
		6628A06223FF3D2000886972 /* LaunchScreen.storyboard */ = {
			isa = PBXVariantGroup;
			children = (
				6628A06323FF3D2000886972 /* Base */,
			);
			name = LaunchScreen.storyboard;
			sourceTree = "<group>";
		};
/* End PBXVariantGroup section */

/* Begin XCBuildConfiguration section */
		6628A07C23FF3D2000886972 /* Debug */ = {
			isa = XCBuildConfiguration;
			buildSettings = {
				ALWAYS_SEARCH_USER_PATHS = NO;
				CLANG_ANALYZER_NONNULL = YES;
				CLANG_ANALYZER_NUMBER_OBJECT_CONVERSION = YES_AGGRESSIVE;
				CLANG_CXX_LANGUAGE_STANDARD = "gnu++14";
				CLANG_CXX_LIBRARY = "libc++";
				CLANG_ENABLE_MODULES = YES;
				CLANG_ENABLE_OBJC_ARC = YES;
				CLANG_ENABLE_OBJC_WEAK = YES;
				CLANG_WARN_BLOCK_CAPTURE_AUTORELEASING = YES;
				CLANG_WARN_BOOL_CONVERSION = YES;
				CLANG_WARN_COMMA = YES;
				CLANG_WARN_CONSTANT_CONVERSION = YES;
				CLANG_WARN_DEPRECATED_OBJC_IMPLEMENTATIONS = YES;
				CLANG_WARN_DIRECT_OBJC_ISA_USAGE = YES_ERROR;
				CLANG_WARN_DOCUMENTATION_COMMENTS = YES;
				CLANG_WARN_EMPTY_BODY = YES;
				CLANG_WARN_ENUM_CONVERSION = YES;
				CLANG_WARN_INFINITE_RECURSION = YES;
				CLANG_WARN_INT_CONVERSION = YES;
				CLANG_WARN_NON_LITERAL_NULL_CONVERSION = YES;
				CLANG_WARN_OBJC_IMPLICIT_RETAIN_SELF = YES;
				CLANG_WARN_OBJC_LITERAL_CONVERSION = YES;
				CLANG_WARN_OBJC_ROOT_CLASS = YES_ERROR;
				CLANG_WARN_RANGE_LOOP_ANALYSIS = YES;
				CLANG_WARN_STRICT_PROTOTYPES = YES;
				CLANG_WARN_SUSPICIOUS_MOVE = YES;
				CLANG_WARN_UNGUARDED_AVAILABILITY = YES_AGGRESSIVE;
				CLANG_WARN_UNREACHABLE_CODE = YES;
				CLANG_WARN__DUPLICATE_METHOD_MATCH = YES;
				COPY_PHASE_STRIP = NO;
				DEBUG_INFORMATION_FORMAT = dwarf;
				ENABLE_STRICT_OBJC_MSGSEND = YES;
				ENABLE_TESTABILITY = YES;
				GCC_C_LANGUAGE_STANDARD = gnu11;
				GCC_DYNAMIC_NO_PIC = NO;
				GCC_NO_COMMON_BLOCKS = YES;
				GCC_OPTIMIZATION_LEVEL = 0;
				GCC_PREPROCESSOR_DEFINITIONS = (
					"DEBUG=1",
					"$(inherited)",
				);
				GCC_WARN_64_TO_32_BIT_CONVERSION = YES;
				GCC_WARN_ABOUT_RETURN_TYPE = YES_ERROR;
				GCC_WARN_UNDECLARED_SELECTOR = YES;
				GCC_WARN_UNINITIALIZED_AUTOS = YES_AGGRESSIVE;
				GCC_WARN_UNUSED_FUNCTION = YES;
				GCC_WARN_UNUSED_VARIABLE = YES;
				IPHONEOS_DEPLOYMENT_TARGET = 13.2;
				MTL_ENABLE_DEBUG_INFO = INCLUDE_SOURCE;
				MTL_FAST_MATH = YES;
				ONLY_ACTIVE_ARCH = YES;
				SDKROOT = iphoneos;
				SWIFT_ACTIVE_COMPILATION_CONDITIONS = DEBUG;
				SWIFT_OPTIMIZATION_LEVEL = "-Onone";
			};
			name = Debug;
		};
		6628A07D23FF3D2000886972 /* Release */ = {
			isa = XCBuildConfiguration;
			buildSettings = {
				ALWAYS_SEARCH_USER_PATHS = NO;
				CLANG_ANALYZER_NONNULL = YES;
				CLANG_ANALYZER_NUMBER_OBJECT_CONVERSION = YES_AGGRESSIVE;
				CLANG_CXX_LANGUAGE_STANDARD = "gnu++14";
				CLANG_CXX_LIBRARY = "libc++";
				CLANG_ENABLE_MODULES = YES;
				CLANG_ENABLE_OBJC_ARC = YES;
				CLANG_ENABLE_OBJC_WEAK = YES;
				CLANG_WARN_BLOCK_CAPTURE_AUTORELEASING = YES;
				CLANG_WARN_BOOL_CONVERSION = YES;
				CLANG_WARN_COMMA = YES;
				CLANG_WARN_CONSTANT_CONVERSION = YES;
				CLANG_WARN_DEPRECATED_OBJC_IMPLEMENTATIONS = YES;
				CLANG_WARN_DIRECT_OBJC_ISA_USAGE = YES_ERROR;
				CLANG_WARN_DOCUMENTATION_COMMENTS = YES;
				CLANG_WARN_EMPTY_BODY = YES;
				CLANG_WARN_ENUM_CONVERSION = YES;
				CLANG_WARN_INFINITE_RECURSION = YES;
				CLANG_WARN_INT_CONVERSION = YES;
				CLANG_WARN_NON_LITERAL_NULL_CONVERSION = YES;
				CLANG_WARN_OBJC_IMPLICIT_RETAIN_SELF = YES;
				CLANG_WARN_OBJC_LITERAL_CONVERSION = YES;
				CLANG_WARN_OBJC_ROOT_CLASS = YES_ERROR;
				CLANG_WARN_RANGE_LOOP_ANALYSIS = YES;
				CLANG_WARN_STRICT_PROTOTYPES = YES;
				CLANG_WARN_SUSPICIOUS_MOVE = YES;
				CLANG_WARN_UNGUARDED_AVAILABILITY = YES_AGGRESSIVE;
				CLANG_WARN_UNREACHABLE_CODE = YES;
				CLANG_WARN__DUPLICATE_METHOD_MATCH = YES;
				COPY_PHASE_STRIP = NO;
				DEBUG_INFORMATION_FORMAT = "dwarf-with-dsym";
				ENABLE_NS_ASSERTIONS = NO;
				ENABLE_STRICT_OBJC_MSGSEND = YES;
				GCC_C_LANGUAGE_STANDARD = gnu11;
				GCC_NO_COMMON_BLOCKS = YES;
				GCC_WARN_64_TO_32_BIT_CONVERSION = YES;
				GCC_WARN_ABOUT_RETURN_TYPE = YES_ERROR;
				GCC_WARN_UNDECLARED_SELECTOR = YES;
				GCC_WARN_UNINITIALIZED_AUTOS = YES_AGGRESSIVE;
				GCC_WARN_UNUSED_FUNCTION = YES;
				GCC_WARN_UNUSED_VARIABLE = YES;
				IPHONEOS_DEPLOYMENT_TARGET = 13.2;
				MTL_ENABLE_DEBUG_INFO = NO;
				MTL_FAST_MATH = YES;
				SDKROOT = iphoneos;
				SWIFT_COMPILATION_MODE = wholemodule;
				SWIFT_OPTIMIZATION_LEVEL = "-O";
				VALIDATE_PRODUCT = YES;
			};
			name = Release;
		};
		6628A07F23FF3D2000886972 /* Debug */ = {
			isa = XCBuildConfiguration;
			buildSettings = {
				ASSETCATALOG_COMPILER_APPICON_NAME = AppIcon;
				CODE_SIGN_STYLE = Automatic;
				DEVELOPMENT_ASSET_PATHS = "\"EHS_TabbedUI/Preview Content\"";
				DEVELOPMENT_TEAM = T424W6CHVZ;
				ENABLE_PREVIEWS = YES;
				INFOPLIST_FILE = EHS_TabbedUI/Info.plist;
				LD_RUNPATH_SEARCH_PATHS = (
					"$(inherited)",
					"@executable_path/Frameworks",
				);
				PRODUCT_BUNDLE_IDENTIFIER = "FACEBOOK-EHS.EHS-TabbedUI-1";
				PRODUCT_NAME = "$(TARGET_NAME)";
				SWIFT_VERSION = 5.0;
				TARGETED_DEVICE_FAMILY = "1,2";
			};
			name = Debug;
		};
		6628A08023FF3D2000886972 /* Release */ = {
			isa = XCBuildConfiguration;
			buildSettings = {
				ASSETCATALOG_COMPILER_APPICON_NAME = AppIcon;
				CODE_SIGN_STYLE = Automatic;
				DEVELOPMENT_ASSET_PATHS = "\"EHS_TabbedUI/Preview Content\"";
				DEVELOPMENT_TEAM = T424W6CHVZ;
				ENABLE_PREVIEWS = YES;
				INFOPLIST_FILE = EHS_TabbedUI/Info.plist;
				LD_RUNPATH_SEARCH_PATHS = (
					"$(inherited)",
					"@executable_path/Frameworks",
				);
				PRODUCT_BUNDLE_IDENTIFIER = "FACEBOOK-EHS.EHS-TabbedUI-1";
				PRODUCT_NAME = "$(TARGET_NAME)";
				SWIFT_VERSION = 5.0;
				TARGETED_DEVICE_FAMILY = "1,2";
			};
			name = Release;
		};
		6628A08223FF3D2000886972 /* Debug */ = {
			isa = XCBuildConfiguration;
			buildSettings = {
				ALWAYS_EMBED_SWIFT_STANDARD_LIBRARIES = YES;
				BUNDLE_LOADER = "$(TEST_HOST)";
				CODE_SIGN_STYLE = Automatic;
				DEVELOPMENT_TEAM = YRBA45FX3V;
				INFOPLIST_FILE = EHS_TabbedUITests/Info.plist;
				IPHONEOS_DEPLOYMENT_TARGET = 13.2;
				LD_RUNPATH_SEARCH_PATHS = (
					"$(inherited)",
					"@executable_path/Frameworks",
					"@loader_path/Frameworks",
				);
				PRODUCT_BUNDLE_IDENTIFIER = "FACEBOOK-EHS.EHS-TabbedUITests";
				PRODUCT_NAME = "$(TARGET_NAME)";
				SWIFT_VERSION = 5.0;
				TARGETED_DEVICE_FAMILY = "1,2";
				TEST_HOST = "$(BUILT_PRODUCTS_DIR)/EHS_TabbedUI.app/EHS_TabbedUI";
			};
			name = Debug;
		};
		6628A08323FF3D2000886972 /* Release */ = {
			isa = XCBuildConfiguration;
			buildSettings = {
				ALWAYS_EMBED_SWIFT_STANDARD_LIBRARIES = YES;
				BUNDLE_LOADER = "$(TEST_HOST)";
				CODE_SIGN_STYLE = Automatic;
				DEVELOPMENT_TEAM = YRBA45FX3V;
				INFOPLIST_FILE = EHS_TabbedUITests/Info.plist;
				IPHONEOS_DEPLOYMENT_TARGET = 13.2;
				LD_RUNPATH_SEARCH_PATHS = (
					"$(inherited)",
					"@executable_path/Frameworks",
					"@loader_path/Frameworks",
				);
				PRODUCT_BUNDLE_IDENTIFIER = "FACEBOOK-EHS.EHS-TabbedUITests";
				PRODUCT_NAME = "$(TARGET_NAME)";
				SWIFT_VERSION = 5.0;
				TARGETED_DEVICE_FAMILY = "1,2";
				TEST_HOST = "$(BUILT_PRODUCTS_DIR)/EHS_TabbedUI.app/EHS_TabbedUI";
			};
			name = Release;
		};
		6628A08523FF3D2000886972 /* Debug */ = {
			isa = XCBuildConfiguration;
			buildSettings = {
				ALWAYS_EMBED_SWIFT_STANDARD_LIBRARIES = YES;
				CODE_SIGN_STYLE = Automatic;
				DEVELOPMENT_TEAM = YRBA45FX3V;
				INFOPLIST_FILE = EHS_TabbedUIUITests/Info.plist;
				LD_RUNPATH_SEARCH_PATHS = (
					"$(inherited)",
					"@executable_path/Frameworks",
					"@loader_path/Frameworks",
				);
				PRODUCT_BUNDLE_IDENTIFIER = "FACEBOOK-EHS.EHS-TabbedUIUITests";
				PRODUCT_NAME = "$(TARGET_NAME)";
				SWIFT_VERSION = 5.0;
				TARGETED_DEVICE_FAMILY = "1,2";
				TEST_TARGET_NAME = EHS_TabbedUI;
			};
			name = Debug;
		};
		6628A08623FF3D2000886972 /* Release */ = {
			isa = XCBuildConfiguration;
			buildSettings = {
				ALWAYS_EMBED_SWIFT_STANDARD_LIBRARIES = YES;
				CODE_SIGN_STYLE = Automatic;
				DEVELOPMENT_TEAM = YRBA45FX3V;
				INFOPLIST_FILE = EHS_TabbedUIUITests/Info.plist;
				LD_RUNPATH_SEARCH_PATHS = (
					"$(inherited)",
					"@executable_path/Frameworks",
					"@loader_path/Frameworks",
				);
				PRODUCT_BUNDLE_IDENTIFIER = "FACEBOOK-EHS.EHS-TabbedUIUITests";
				PRODUCT_NAME = "$(TARGET_NAME)";
				SWIFT_VERSION = 5.0;
				TARGETED_DEVICE_FAMILY = "1,2";
				TEST_TARGET_NAME = EHS_TabbedUI;
			};
			name = Release;
		};
/* End XCBuildConfiguration section */

/* Begin XCConfigurationList section */
		6628A04C23FF3D1D00886972 /* Build configuration list for PBXProject "EHS_TabbedUI" */ = {
			isa = XCConfigurationList;
			buildConfigurations = (
				6628A07C23FF3D2000886972 /* Debug */,
				6628A07D23FF3D2000886972 /* Release */,
			);
			defaultConfigurationIsVisible = 0;
			defaultConfigurationName = Release;
		};
		6628A07E23FF3D2000886972 /* Build configuration list for PBXNativeTarget "EHS_TabbedUI" */ = {
			isa = XCConfigurationList;
			buildConfigurations = (
				6628A07F23FF3D2000886972 /* Debug */,
				6628A08023FF3D2000886972 /* Release */,
			);
			defaultConfigurationIsVisible = 0;
			defaultConfigurationName = Release;
		};
		6628A08123FF3D2000886972 /* Build configuration list for PBXNativeTarget "EHS_TabbedUITests" */ = {
			isa = XCConfigurationList;
			buildConfigurations = (
				6628A08223FF3D2000886972 /* Debug */,
				6628A08323FF3D2000886972 /* Release */,
			);
			defaultConfigurationIsVisible = 0;
			defaultConfigurationName = Release;
		};
		6628A08423FF3D2000886972 /* Build configuration list for PBXNativeTarget "EHS_TabbedUIUITests" */ = {
			isa = XCConfigurationList;
			buildConfigurations = (
				6628A08523FF3D2000886972 /* Debug */,
				6628A08623FF3D2000886972 /* Release */,
			);
			defaultConfigurationIsVisible = 0;
			defaultConfigurationName = Release;
		};
/* End XCConfigurationList section */

/* Begin XCVersionGroup section */
		6628A05823FF3D1D00886972 /* EHS_TabbedUI.xcdatamodeld */ = {
			isa = XCVersionGroup;
			children = (
				6628A05923FF3D1D00886972 /* EHS_TabbedUI.xcdatamodel */,
			);
			currentVersion = 6628A05923FF3D1D00886972 /* EHS_TabbedUI.xcdatamodel */;
			path = EHS_TabbedUI.xcdatamodeld;
			sourceTree = "<group>";
			versionGroupType = wrapper.xcdatamodel;
		};
/* End XCVersionGroup section */
	};
	rootObject = 6628A04923FF3D1D00886972 /* Project object */;
}
